# This file is automatically @generated by Cargo.
# It is not intended for manual editing.
version = 3

[[package]]
name = "aho-corasick"
version = "1.1.2"
source = "registry+https://github.com/rust-lang/crates.io-index"
checksum = "b2969dcb958b36655471fc61f7e416fa76033bdd4bfed0678d8fee1e2d07a1f0"
dependencies = [
 "memchr",
]

[[package]]
name = "bumpalo"
version = "3.14.0"
source = "registry+https://github.com/rust-lang/crates.io-index"
checksum = "7f30e7476521f6f8af1a1c4c0b8cc94f0bee37d91763d0ca2665f299b6cd8aec"

[[package]]
name = "cfg-if"
version = "0.1.10"
source = "registry+https://github.com/rust-lang/crates.io-index"
checksum = "4785bdd1c96b2a846b2bd7cc02e86b6b3dbf14e7e53446c4f54c92a361040822"

[[package]]
name = "cfg-if"
version = "1.0.0"
source = "registry+https://github.com/rust-lang/crates.io-index"
checksum = "baf1de4339761588bc0619e3cbc0120ee582ebb74b53b4efbf79117bd2da40fd"

[[package]]
name = "console_error_panic_hook"
version = "0.1.7"
source = "registry+https://github.com/rust-lang/crates.io-index"
checksum = "a06aeb73f470f66dcdbf7223caeebb85984942f22f1adb2a088cf9668146bbbc"
dependencies = [
 "cfg-if 1.0.0",
 "wasm-bindgen",
]

[[package]]
name = "js-sys"
version = "0.3.69"
source = "registry+https://github.com/rust-lang/crates.io-index"
checksum = "29c15563dc2726973df627357ce0c9ddddbea194836909d655df6a75d2cf296d"
dependencies = [
 "wasm-bindgen",
]

[[package]]
name = "libc"
version = "0.2.150"
source = "registry+https://github.com/rust-lang/crates.io-index"
checksum = "89d92a4743f9a61002fae18374ed11e7973f530cb3a3255fb354818118b2203c"

[[package]]
name = "log"
version = "0.4.20"
source = "registry+https://github.com/rust-lang/crates.io-index"
checksum = "b5e6163cb8c49088c2c36f57875e58ccd8c87c7427f7fbd50ea6710b2f3f2e8f"

[[package]]
name = "memchr"
version = "2.6.4"
source = "registry+https://github.com/rust-lang/crates.io-index"
checksum = "f665ee40bc4a3c5590afb1e9677db74a508659dfd71e126420da8274909a0167"

[[package]]
name = "memory_units"
version = "0.4.0"
source = "registry+https://github.com/rust-lang/crates.io-index"
checksum = "8452105ba047068f40ff7093dd1d9da90898e63dd61736462e9cdda6a90ad3c3"

[[package]]
name = "once_cell"
version = "1.19.0"
source = "registry+https://github.com/rust-lang/crates.io-index"
checksum = "3fdb12b2476b595f9358c5161aa467c2438859caa136dec86c26fdd2efe17b92"

[[package]]
name = "proc-macro2"
version = "1.0.74"
source = "registry+https://github.com/rust-lang/crates.io-index"
checksum = "2de98502f212cfcea8d0bb305bd0f49d7ebdd75b64ba0a68f937d888f4e0d6db"
dependencies = [
 "unicode-ident",
]

[[package]]
name = "quote"
version = "1.0.35"
source = "registry+https://github.com/rust-lang/crates.io-index"
checksum = "291ec9ab5efd934aaf503a6466c5d5251535d108ee747472c3977cc5acc868ef"
dependencies = [
 "proc-macro2",
]

[[package]]
name = "regex"
version = "1.10.4"
source = "registry+https://github.com/rust-lang/crates.io-index"
checksum = "c117dbdfde9c8308975b6a18d71f3f385c89461f7b3fb054288ecf2a2058ba4c"
dependencies = [
 "aho-corasick",
 "memchr",
 "regex-automata",
 "regex-syntax",
]

[[package]]
name = "regex-automata"
version = "0.4.5"
source = "registry+https://github.com/rust-lang/crates.io-index"
checksum = "5bb987efffd3c6d0d8f5f89510bb458559eab11e4f869acb20bf845e016259cd"
dependencies = [
 "aho-corasick",
 "memchr",
 "regex-syntax",
]

[[package]]
name = "regex-syntax"
version = "0.8.4"
source = "registry+https://github.com/rust-lang/crates.io-index"
checksum = "7a66a03ae7c801facd77a29370b4faec201768915ac14a721ba36f20bc9c209b"

[[package]]
name = "rregex"
version = "1.10.0"
dependencies = [
 "console_error_panic_hook",
 "js-sys",
 "regex",
 "regex-syntax",
 "serde",
 "serde-wasm-bindgen",
 "wasm-bindgen",
 "wasm-bindgen-test",
 "wee_alloc",
]

[[package]]
name = "scoped-tls"
version = "1.0.1"
source = "registry+https://github.com/rust-lang/crates.io-index"
checksum = "e1cf6437eb19a8f4a6cc0f7dca544973b0b78843adbfeb3683d1a94a0024a294"

[[package]]
name = "serde"
version = "1.0.203"
source = "registry+https://github.com/rust-lang/crates.io-index"
checksum = "7253ab4de971e72fb7be983802300c30b5a7f0c2e56fab8abfc6a214307c0094"
dependencies = [
 "serde_derive",
]

[[package]]
name = "serde-wasm-bindgen"
version = "0.6.5"
source = "registry+https://github.com/rust-lang/crates.io-index"
checksum = "8302e169f0eddcc139c70f139d19d6467353af16f9fce27e8c30158036a1e16b"
dependencies = [
 "js-sys",
 "serde",
 "wasm-bindgen",
]

[[package]]
name = "serde_derive"
version = "1.0.203"
source = "registry+https://github.com/rust-lang/crates.io-index"
checksum = "500cbc0ebeb6f46627f50f3f5811ccf6bf00643be300b4c3eabc0ef55dc5b5ba"
dependencies = [
 "proc-macro2",
 "quote",
 "syn",
]

[[package]]
name = "syn"
version = "2.0.46"
source = "registry+https://github.com/rust-lang/crates.io-index"
checksum = "89456b690ff72fddcecf231caedbe615c59480c93358a93dfae7fc29e3ebbf0e"
dependencies = [
 "proc-macro2",
 "quote",
 "unicode-ident",
]

[[package]]
name = "unicode-ident"
version = "1.0.12"
source = "registry+https://github.com/rust-lang/crates.io-index"
checksum = "3354b9ac3fae1ff6755cb6db53683adb661634f67557942dea4facebec0fee4b"

[[package]]
name = "wasm-bindgen"
version = "0.2.92"
source = "registry+https://github.com/rust-lang/crates.io-index"
checksum = "4be2531df63900aeb2bca0daaaddec08491ee64ceecbee5076636a3b026795a8"
dependencies = [
 "cfg-if 1.0.0",
 "wasm-bindgen-macro",
]

[[package]]
name = "wasm-bindgen-backend"
version = "0.2.92"
source = "registry+https://github.com/rust-lang/crates.io-index"
checksum = "614d787b966d3989fa7bb98a654e369c762374fd3213d212cfc0251257e747da"
dependencies = [
 "bumpalo",
 "log",
 "once_cell",
 "proc-macro2",
 "quote",
 "syn",
 "wasm-bindgen-shared",
]

[[package]]
name = "wasm-bindgen-futures"
version = "0.4.42"
source = "registry+https://github.com/rust-lang/crates.io-index"
checksum = "76bc14366121efc8dbb487ab05bcc9d346b3b5ec0eaa76e46594cabbe51762c0"
dependencies = [
 "cfg-if 1.0.0",
 "js-sys",
 "wasm-bindgen",
 "web-sys",
]

[[package]]
name = "wasm-bindgen-macro"
version = "0.2.92"
source = "registry+https://github.com/rust-lang/crates.io-index"
checksum = "a1f8823de937b71b9460c0c34e25f3da88250760bec0ebac694b49997550d726"
dependencies = [
 "quote",
 "wasm-bindgen-macro-support",
]

[[package]]
name = "wasm-bindgen-macro-support"
version = "0.2.92"
source = "registry+https://github.com/rust-lang/crates.io-index"
checksum = "e94f17b526d0a461a191c78ea52bbce64071ed5c04c9ffe424dcb38f74171bb7"
dependencies = [
 "proc-macro2",
 "quote",
 "syn",
 "wasm-bindgen-backend",
 "wasm-bindgen-shared",
]

[[package]]
name = "wasm-bindgen-shared"
version = "0.2.92"
source = "registry+https://github.com/rust-lang/crates.io-index"
checksum = "af190c94f2773fdb3729c55b007a722abb5384da03bc0986df4c289bf5567e96"

[[package]]
name = "wasm-bindgen-test"
version = "0.3.42"
source = "registry+https://github.com/rust-lang/crates.io-index"
checksum = "d9bf62a58e0780af3e852044583deee40983e5886da43a271dd772379987667b"
dependencies = [
 "console_error_panic_hook",
 "js-sys",
 "scoped-tls",
 "wasm-bindgen",
 "wasm-bindgen-futures",
 "wasm-bindgen-test-macro",
]

[[package]]
name = "wasm-bindgen-test-macro"
version = "0.3.42"
source = "registry+https://github.com/rust-lang/crates.io-index"
checksum = "b7f89739351a2e03cb94beb799d47fb2cac01759b40ec441f7de39b00cbf7ef0"
dependencies = [
 "proc-macro2",
 "quote",
 "syn",
]

[[package]]
name = "web-sys"
version = "0.3.66"
source = "registry+https://github.com/rust-lang/crates.io-index"
checksum = "50c24a44ec86bb68fbecd1b3efed7e85ea5621b39b35ef2766b66cd984f8010f"
dependencies = [
 "js-sys",
 "wasm-bindgen",
]

[[package]]
name = "wee_alloc"
version = "0.4.5"
source = "registry+https://github.com/rust-lang/crates.io-index"
checksum = "dbb3b5a6b2bb17cb6ad44a2e68a43e8d2722c997da10e928665c72ec6c0a0b8e"
dependencies = [
 "cfg-if 0.1.10",
 "libc",
 "memory_units",
 "winapi",
]

[[package]]
name = "winapi"
version = "0.3.9"
source = "registry+https://github.com/rust-lang/crates.io-index"
checksum = "5c839a674fcd7a98952e593242ea400abe93992746761e38641405d28b00f419"
dependencies = [
 "winapi-i686-pc-windows-gnu",
 "winapi-x86_64-pc-windows-gnu",
]

[[package]]
name = "winapi-i686-pc-windows-gnu"
version = "0.4.0"
source = "registry+https://github.com/rust-lang/crates.io-index"
checksum = "ac3b87c63620426dd9b991e5ce0329eff545bccbbb34f3be09ff6fb6ab51b7b6"

[[package]]
name = "winapi-x86_64-pc-windows-gnu"
version = "0.4.0"
source = "registry+https://github.com/rust-lang/crates.io-index"
checksum = "712e227841d057c1ee1cd2fb22fa7e5a5461ae8e48fa2ca79ec42cfc1931183f"
